// !$*UTF8*$!
{
	archiveVersion = 1;
	classes = {
	};
	objectVersion = 50;
	objects = {

/* Begin PBXBuildFile section */
		0430F6C9209ACE2B0085F416 /* AppDelegate.swift in Sources */ = {isa = PBXBuildFile; fileRef = 0430F6C8209ACE2B0085F416 /* AppDelegate.swift */; };
		0430F6CB209ACE2B0085F416 /* ViewController.swift in Sources */ = {isa = PBXBuildFile; fileRef = 0430F6CA209ACE2B0085F416 /* ViewController.swift */; };
		0430F6CE209ACE2B0085F416 /* Main.storyboard in Resources */ = {isa = PBXBuildFile; fileRef = 0430F6CC209ACE2B0085F416 /* Main.storyboard */; };
		0430F6D0209ACE400085F416 /* Assets.xcassets in Resources */ = {isa = PBXBuildFile; fileRef = 0430F6CF209ACE400085F416 /* Assets.xcassets */; };
		0430F6D3209ACE400085F416 /* LaunchScreen.storyboard in Resources */ = {isa = PBXBuildFile; fileRef = 0430F6D1209ACE400085F416 /* LaunchScreen.storyboard */; };
		0472167C20AFCC2B000A62C7 /* StoryView.framework in Frameworks */ = {isa = PBXBuildFile; fileRef = 0472167720AFCBC9000A62C7 /* StoryView.framework */; };
		0472167D20AFCC2B000A62C7 /* StoryView.framework in Embed Frameworks */ = {isa = PBXBuildFile; fileRef = 0472167720AFCBC9000A62C7 /* StoryView.framework */; settings = {ATTRIBUTES = (CodeSignOnCopy, RemoveHeadersOnCopy, ); }; };
		04C7B96B20E03CBC002EE7CB /* ItemType.swift in Sources */ = {isa = PBXBuildFile; fileRef = 04C7B96A20E03CBC002EE7CB /* ItemType.swift */; };
/* End PBXBuildFile section */

/* Begin PBXContainerItemProxy section */
		0472167620AFCBC9000A62C7 /* PBXContainerItemProxy */ = {
			isa = PBXContainerItemProxy;
			containerPortal = 0472167220AFCBC9000A62C7 /* StoryView.xcodeproj */;
			proxyType = 2;
			remoteGlobalIDString = 0430F6A1209A99B70085F416;
			remoteInfo = StoryView;
		};
		0472167E20AFCC2B000A62C7 /* PBXContainerItemProxy */ = {
			isa = PBXContainerItemProxy;
			containerPortal = 0472167220AFCBC9000A62C7 /* StoryView.xcodeproj */;
			proxyType = 1;
			remoteGlobalIDString = 0430F6A0209A99B60085F416;
			remoteInfo = StoryView;
		};
/* End PBXContainerItemProxy section */

/* Begin PBXCopyFilesBuildPhase section */
		0472168020AFCC2B000A62C7 /* Embed Frameworks */ = {
			isa = PBXCopyFilesBuildPhase;
			buildActionMask = 2147483647;
			dstPath = "";
			dstSubfolderSpec = 10;
			files = (
				0472167D20AFCC2B000A62C7 /* StoryView.framework in Embed Frameworks */,
			);
			name = "Embed Frameworks";
			runOnlyForDeploymentPostprocessing = 0;
		};
/* End PBXCopyFilesBuildPhase section */

/* Begin PBXFileReference section */
		0430F6C5209ACE2B0085F416 /* DemoApplication.app */ = {isa = PBXFileReference; explicitFileType = wrapper.application; includeInIndex = 0; path = DemoApplication.app; sourceTree = BUILT_PRODUCTS_DIR; };
		0430F6C8209ACE2B0085F416 /* AppDelegate.swift */ = {isa = PBXFileReference; lastKnownFileType = sourcecode.swift; path = AppDelegate.swift; sourceTree = "<group>"; };
		0430F6CA209ACE2B0085F416 /* ViewController.swift */ = {isa = PBXFileReference; lastKnownFileType = sourcecode.swift; path = ViewController.swift; sourceTree = "<group>"; };
		0430F6CD209ACE2B0085F416 /* Base */ = {isa = PBXFileReference; lastKnownFileType = file.storyboard; name = Base; path = Base.lproj/Main.storyboard; sourceTree = "<group>"; };
		0430F6CF209ACE400085F416 /* Assets.xcassets */ = {isa = PBXFileReference; lastKnownFileType = folder.assetcatalog; path = Assets.xcassets; sourceTree = "<group>"; };
		0430F6D2209ACE400085F416 /* Base */ = {isa = PBXFileReference; lastKnownFileType = file.storyboard; name = Base; path = Base.lproj/LaunchScreen.storyboard; sourceTree = "<group>"; };
		0430F6D4209ACE400085F416 /* Info.plist */ = {isa = PBXFileReference; lastKnownFileType = text.plist.xml; path = Info.plist; sourceTree = "<group>"; };
		0472167220AFCBC9000A62C7 /* StoryView.xcodeproj */ = {isa = PBXFileReference; lastKnownFileType = "wrapper.pb-project"; name = StoryView.xcodeproj; path = ../StoryView.xcodeproj; sourceTree = "<group>"; };
		04C7B96A20E03CBC002EE7CB /* ItemType.swift */ = {isa = PBXFileReference; lastKnownFileType = sourcecode.swift; path = ItemType.swift; sourceTree = "<group>"; };
/* End PBXFileReference section */

/* Begin PBXFrameworksBuildPhase section */
		0430F6C2209ACE2B0085F416 /* Frameworks */ = {
			isa = PBXFrameworksBuildPhase;
			buildActionMask = 2147483647;
			files = (
				0472167C20AFCC2B000A62C7 /* StoryView.framework in Frameworks */,
			);
			runOnlyForDeploymentPostprocessing = 0;
		};
/* End PBXFrameworksBuildPhase section */

/* Begin PBXGroup section */
		0430F6BC209ACE2B0085F416 = {
			isa = PBXGroup;
			children = (
				0430F6C7209ACE2B0085F416 /* DemoApplication */,
				0430F6C6209ACE2B0085F416 /* Products */,
				0472167220AFCBC9000A62C7 /* StoryView.xcodeproj */,
				0472167920AFCBFB000A62C7 /* Frameworks */,
			);
			sourceTree = "<group>";
		};
		0430F6C6209ACE2B0085F416 /* Products */ = {
			isa = PBXGroup;
			children = (
				0430F6C5209ACE2B0085F416 /* DemoApplication.app */,
			);
			name = Products;
			sourceTree = "<group>";
		};
		0430F6C7209ACE2B0085F416 /* DemoApplication */ = {
			isa = PBXGroup;
			children = (
				0430F6C8209ACE2B0085F416 /* AppDelegate.swift */,
				0430F6CA209ACE2B0085F416 /* ViewController.swift */,
				0430F6CC209ACE2B0085F416 /* Main.storyboard */,
				04C7B96C20E03CC0002EE7CB /* Enum */,
				0430F6CF209ACE400085F416 /* Assets.xcassets */,
				0430F6D1209ACE400085F416 /* LaunchScreen.storyboard */,
				0430F6D4209ACE400085F416 /* Info.plist */,
			);
			path = DemoApplication;
			sourceTree = "<group>";
		};
		0472167320AFCBC9000A62C7 /* Products */ = {
			isa = PBXGroup;
			children = (
				0472167720AFCBC9000A62C7 /* StoryView.framework */,
			);
			name = Products;
			sourceTree = "<group>";
		};
		0472167920AFCBFB000A62C7 /* Frameworks */ = {
			isa = PBXGroup;
			children = (
			);
			name = Frameworks;
			sourceTree = "<group>";
		};
		04C7B96C20E03CC0002EE7CB /* Enum */ = {
			isa = PBXGroup;
			children = (
				04C7B96A20E03CBC002EE7CB /* ItemType.swift */,
			);
			path = Enum;
			sourceTree = "<group>";
		};
/* End PBXGroup section */

/* Begin PBXNativeTarget section */
		0430F6C4209ACE2B0085F416 /* DemoApplication */ = {
			isa = PBXNativeTarget;
			buildConfigurationList = 0430F6D7209ACE400085F416 /* Build configuration list for PBXNativeTarget "DemoApplication" */;
			buildPhases = (
				0430F6C1209ACE2B0085F416 /* Sources */,
				0430F6C2209ACE2B0085F416 /* Frameworks */,
				0430F6C3209ACE2B0085F416 /* Resources */,
				0472168020AFCC2B000A62C7 /* Embed Frameworks */,
			);
			buildRules = (
			);
			dependencies = (
				0472167F20AFCC2B000A62C7 /* PBXTargetDependency */,
			);
			name = DemoApplication;
			productName = DemoApplication;
			productReference = 0430F6C5209ACE2B0085F416 /* DemoApplication.app */;
			productType = "com.apple.product-type.application";
		};
/* End PBXNativeTarget section */

/* Begin PBXProject section */
		0430F6BD209ACE2B0085F416 /* Project object */ = {
			isa = PBXProject;
			attributes = {
				LastSwiftUpdateCheck = 0930;
				LastUpgradeCheck = 0930;
				ORGANIZATIONNAME = TomosukeOkada;
				TargetAttributes = {
					0430F6C4209ACE2B0085F416 = {
						CreatedOnToolsVersion = 9.3;
					};
				};
			};
			buildConfigurationList = 0430F6C0209ACE2B0085F416 /* Build configuration list for PBXProject "DemoApplication" */;
			compatibilityVersion = "Xcode 9.3";
			developmentRegion = en;
			hasScannedForEncodings = 0;
			knownRegions = (
				en,
				Base,
			);
			mainGroup = 0430F6BC209ACE2B0085F416;
			productRefGroup = 0430F6C6209ACE2B0085F416 /* Products */;
			projectDirPath = "";
			projectReferences = (
				{
					ProductGroup = 0472167320AFCBC9000A62C7 /* Products */;
					ProjectRef = 0472167220AFCBC9000A62C7 /* StoryView.xcodeproj */;
				},
			);
			projectRoot = "";
			targets = (
				0430F6C4209ACE2B0085F416 /* DemoApplication */,
			);
		};
/* End PBXProject section */

/* Begin PBXReferenceProxy section */
		0472167720AFCBC9000A62C7 /* StoryView.framework */ = {
			isa = PBXReferenceProxy;
			fileType = wrapper.framework;
			path = StoryView.framework;
			remoteRef = 0472167620AFCBC9000A62C7 /* PBXContainerItemProxy */;
			sourceTree = BUILT_PRODUCTS_DIR;
		};
/* End PBXReferenceProxy section */

/* Begin PBXResourcesBuildPhase section */
		0430F6C3209ACE2B0085F416 /* Resources */ = {
			isa = PBXResourcesBuildPhase;
			buildActionMask = 2147483647;
			files = (
				0430F6D3209ACE400085F416 /* LaunchScreen.storyboard in Resources */,
				0430F6D0209ACE400085F416 /* Assets.xcassets in Resources */,
				0430F6CE209ACE2B0085F416 /* Main.storyboard in Resources */,
			);
			runOnlyForDeploymentPostprocessing = 0;
		};
/* End PBXResourcesBuildPhase section */

/* Begin PBXSourcesBuildPhase section */
		0430F6C1209ACE2B0085F416 /* Sources */ = {
			isa = PBXSourcesBuildPhase;
			buildActionMask = 2147483647;
			files = (
				0430F6CB209ACE2B0085F416 /* ViewController.swift in Sources */,
				0430F6C9209ACE2B0085F416 /* AppDelegate.swift in Sources */,
				04C7B96B20E03CBC002EE7CB /* ItemType.swift in Sources */,
			);
			runOnlyForDeploymentPostprocessing = 0;
		};
/* End PBXSourcesBuildPhase section */

/* Begin PBXTargetDependency section */
		0472167F20AFCC2B000A62C7 /* PBXTargetDependency */ = {
			isa = PBXTargetDependency;
			name = StoryView;
			targetProxy = 0472167E20AFCC2B000A62C7 /* PBXContainerItemProxy */;
		};
/* End PBXTargetDependency section */

/* Begin PBXVariantGroup section */
		0430F6CC209ACE2B0085F416 /* Main.storyboard */ = {
			isa = PBXVariantGroup;
			children = (
				0430F6CD209ACE2B0085F416 /* Base */,
			);
			name = Main.storyboard;
			sourceTree = "<group>";
		};
		0430F6D1209ACE400085F416 /* LaunchScreen.storyboard */ = {
			isa = PBXVariantGroup;
			children = (
				0430F6D2209ACE400085F416 /* Base */,
			);
			name = LaunchScreen.storyboard;
			sourceTree = "<group>";
		};
/* End PBXVariantGroup section */

/* Begin XCBuildConfiguration section */
		0430F6D5209ACE400085F416 /* Debug */ = {
			isa = XCBuildConfiguration;
			buildSettings = {
				ALWAYS_SEARCH_USER_PATHS = NO;
				CLANG_ANALYZER_NONNULL = YES;
				CLANG_ANALYZER_NUMBER_OBJECT_CONVERSION = YES_AGGRESSIVE;
				CLANG_CXX_LANGUAGE_STANDARD = "gnu++14";
				CLANG_CXX_LIBRARY = "libc++";
				CLANG_ENABLE_MODULES = YES;
				CLANG_ENABLE_OBJC_ARC = YES;
				CLANG_ENABLE_OBJC_WEAK = YES;
				CLANG_WARN_BLOCK_CAPTURE_AUTORELEASING = YES;
				CLANG_WARN_BOOL_CONVERSION = YES;
				CLANG_WARN_COMMA = YES;
				CLANG_WARN_CONSTANT_CONVERSION = YES;
				CLANG_WARN_DEPRECATED_OBJC_IMPLEMENTATIONS = YES;
				CLANG_WARN_DIRECT_OBJC_ISA_USAGE = YES_ERROR;
				CLANG_WARN_DOCUMENTATION_COMMENTS = YES;
				CLANG_WARN_EMPTY_BODY = YES;
				CLANG_WARN_ENUM_CONVERSION = YES;
				CLANG_WARN_INFINITE_RECURSION = YES;
				CLANG_WARN_INT_CONVERSION = YES;
				CLANG_WARN_NON_LITERAL_NULL_CONVERSION = YES;
				CLANG_WARN_OBJC_IMPLICIT_RETAIN_SELF = YES;
				CLANG_WARN_OBJC_LITERAL_CONVERSION = YES;
				CLANG_WARN_OBJC_ROOT_CLASS = YES_ERROR;
				CLANG_WARN_RANGE_LOOP_ANALYSIS = YES;
				CLANG_WARN_STRICT_PROTOTYPES = YES;
				CLANG_WARN_SUSPICIOUS_MOVE = YES;
				CLANG_WARN_UNGUARDED_AVAILABILITY = YES_AGGRESSIVE;
				CLANG_WARN_UNREACHABLE_CODE = YES;
				CLANG_WARN__DUPLICATE_METHOD_MATCH = YES;
				CODE_SIGN_IDENTITY = "iPhone Developer";
				COPY_PHASE_STRIP = NO;
				DEBUG_INFORMATION_FORMAT = dwarf;
				ENABLE_STRICT_OBJC_MSGSEND = YES;
				ENABLE_TESTABILITY = YES;
				GCC_C_LANGUAGE_STANDARD = gnu11;
				GCC_DYNAMIC_NO_PIC = NO;
				GCC_NO_COMMON_BLOCKS = YES;
				GCC_OPTIMIZATION_LEVEL = 0;
				GCC_PREPROCESSOR_DEFINITIONS = (
					"DEBUG=1",
					"$(inherited)",
				);
				GCC_WARN_64_TO_32_BIT_CONVERSION = YES;
				GCC_WARN_ABOUT_RETURN_TYPE = YES_ERROR;
				GCC_WARN_UNDECLARED_SELECTOR = YES;
				GCC_WARN_UNINITIALIZED_AUTOS = YES_AGGRESSIVE;
				GCC_WARN_UNUSED_FUNCTION = YES;
				GCC_WARN_UNUSED_VARIABLE = YES;
				IPHONEOS_DEPLOYMENT_TARGET = 11.3;
				MTL_ENABLE_DEBUG_INFO = YES;
				ONLY_ACTIVE_ARCH = YES;
				SDKROOT = iphoneos;
				SWIFT_ACTIVE_COMPILATION_CONDITIONS = DEBUG;
				SWIFT_OPTIMIZATION_LEVEL = "-Onone";
			};
			name = Debug;
		};
		0430F6D6209ACE400085F416 /* Release */ = {
			isa = XCBuildConfiguration;
			buildSettings = {
				ALWAYS_SEARCH_USER_PATHS = NO;
				CLANG_ANALYZER_NONNULL = YES;
				CLANG_ANALYZER_NUMBER_OBJECT_CONVERSION = YES_AGGRESSIVE;
				CLANG_CXX_LANGUAGE_STANDARD = "gnu++14";
				CLANG_CXX_LIBRARY = "libc++";
				CLANG_ENABLE_MODULES = YES;
				CLANG_ENABLE_OBJC_ARC = YES;
				CLANG_ENABLE_OBJC_WEAK = YES;
				CLANG_WARN_BLOCK_CAPTURE_AUTORELEASING = YES;
				CLANG_WARN_BOOL_CONVERSION = YES;
				CLANG_WARN_COMMA = YES;
				CLANG_WARN_CONSTANT_CONVERSION = YES;
				CLANG_WARN_DEPRECATED_OBJC_IMPLEMENTATIONS = YES;
				CLANG_WARN_DIRECT_OBJC_ISA_USAGE = YES_ERROR;
				CLANG_WARN_DOCUMENTATION_COMMENTS = YES;
				CLANG_WARN_EMPTY_BODY = YES;
				CLANG_WARN_ENUM_CONVERSION = YES;
				CLANG_WARN_INFINITE_RECURSION = YES;
				CLANG_WARN_INT_CONVERSION = YES;
				CLANG_WARN_NON_LITERAL_NULL_CONVERSION = YES;
				CLANG_WARN_OBJC_IMPLICIT_RETAIN_SELF = YES;
				CLANG_WARN_OBJC_LITERAL_CONVERSION = YES;
				CLANG_WARN_OBJC_ROOT_CLASS = YES_ERROR;
				CLANG_WARN_RANGE_LOOP_ANALYSIS = YES;
				CLANG_WARN_STRICT_PROTOTYPES = YES;
				CLANG_WARN_SUSPICIOUS_MOVE = YES;
				CLANG_WARN_UNGUARDED_AVAILABILITY = YES_AGGRESSIVE;
				CLANG_WARN_UNREACHABLE_CODE = YES;
				CLANG_WARN__DUPLICATE_METHOD_MATCH = YES;
				CODE_SIGN_IDENTITY = "iPhone Developer";
				COPY_PHASE_STRIP = NO;
				DEBUG_INFORMATION_FORMAT = "dwarf-with-dsym";
				ENABLE_NS_ASSERTIONS = NO;
				ENABLE_STRICT_OBJC_MSGSEND = YES;
				GCC_C_LANGUAGE_STANDARD = gnu11;
				GCC_NO_COMMON_BLOCKS = YES;
				GCC_WARN_64_TO_32_BIT_CONVERSION = YES;
				GCC_WARN_ABOUT_RETURN_TYPE = YES_ERROR;
				GCC_WARN_UNDECLARED_SELECTOR = YES;
				GCC_WARN_UNINITIALIZED_AUTOS = YES_AGGRESSIVE;
				GCC_WARN_UNUSED_FUNCTION = YES;
				GCC_WARN_UNUSED_VARIABLE = YES;
				IPHONEOS_DEPLOYMENT_TARGET = 11.3;
				MTL_ENABLE_DEBUG_INFO = NO;
				SDKROOT = iphoneos;
				SWIFT_COMPILATION_MODE = wholemodule;
				SWIFT_OPTIMIZATION_LEVEL = "-O";
				VALIDATE_PRODUCT = YES;
			};
			name = Release;
		};
		0430F6D8209ACE400085F416 /* Debug */ = {
			isa = XCBuildConfiguration;
			buildSettings = {
				ALWAYS_EMBED_SWIFT_STANDARD_LIBRARIES = YES;
				ASSETCATALOG_COMPILER_APPICON_NAME = AppIcon;
				CODE_SIGN_STYLE = Automatic;
				DEVELOPMENT_TEAM = NG4PAUE398;
				INFOPLIST_FILE = DemoApplication/Info.plist;
				IPHONEOS_DEPLOYMENT_TARGET = 9.0;
				LD_RUNPATH_SEARCH_PATHS = (
					"$(inherited)",
					"@executable_path/Frameworks",
				);
				PRODUCT_BUNDLE_IDENTIFIER = TomosukeOkada.StoryViewDemo;
				PRODUCT_NAME = "$(TARGET_NAME)";
				SWIFT_VERSION = 4.0;
				TARGETED_DEVICE_FAMILY = "1,2";
			};
			name = Debug;
		};
		0430F6D9209ACE400085F416 /* Release */ = {
			isa = XCBuildConfiguration;
			buildSettings = {
				ALWAYS_EMBED_SWIFT_STANDARD_LIBRARIES = YES;
				ASSETCATALOG_COMPILER_APPICON_NAME = AppIcon;
				CODE_SIGN_STYLE = Automatic;
				DEVELOPMENT_TEAM = NG4PAUE398;
				INFOPLIST_FILE = DemoApplication/Info.plist;
				IPHONEOS_DEPLOYMENT_TARGET = 9.0;
				LD_RUNPATH_SEARCH_PATHS = (
					"$(inherited)",
					"@executable_path/Frameworks",
				);
				PRODUCT_BUNDLE_IDENTIFIER = TomosukeOkada.StoryViewDemo;
				PRODUCT_NAME = "$(TARGET_NAME)";
				SWIFT_VERSION = 4.0;
				TARGETED_DEVICE_FAMILY = "1,2";
			};
			name = Release;
		};
/* End XCBuildConfiguration section */

/* Begin XCConfigurationList section */
		0430F6C0209ACE2B0085F416 /* Build configuration list for PBXProject "DemoApplication" */ = {
			isa = XCConfigurationList;
			buildConfigurations = (
				0430F6D5209ACE400085F416 /* Debug */,
				0430F6D6209ACE400085F416 /* Release */,
			);
			defaultConfigurationIsVisible = 0;
			defaultConfigurationName = Release;
		};
		0430F6D7209ACE400085F416 /* Build configuration list for PBXNativeTarget "DemoApplication" */ = {
			isa = XCConfigurationList;
			buildConfigurations = (
				0430F6D8209ACE400085F416 /* Debug */,
				0430F6D9209ACE400085F416 /* Release */,
			);
			defaultConfigurationIsVisible = 0;
			defaultConfigurationName = Release;
		};
/* End XCConfigurationList section */
	};
	rootObject = 0430F6BD209ACE2B0085F416 /* Project object */;
}
